{"version":4,"terraform_version":"1.11.5","serial":5,"lineage":"44076ebe-1249-c64f-125c-c68312e9a5cc","outputs":{"database_endpoint":{"value":"market-data-db.ch8ck20w8dub.ap-south-1.rds.amazonaws.com:5432","type":"string"},"engine_public_ip":{"value":"13.232.141.17","type":"string"}},"resources":[{"mode":"data","type":"aws_ami","name":"amazon_linux","provider":"provider[\"registry.opentofu.org/hashicorp/aws\"]","instances":[{"schema_version":0,"attributes":{"allow_unsafe_filter":null,"architecture":"x86_64","arn":"arn:aws:ec2:ap-south-1::image/ami-0e267a9919cdf778f","block_device_mappings":[{"device_name":"/dev/xvda","ebs":{"delete_on_termination":"true","encrypted":"false","iops":"3000","snapshot_id":"snap-0d2daef0cee125983","throughput":"125","volume_initialization_rate":"0","volume_size":"8","volume_type":"gp3"},"no_device":"","virtual_name":""}],"boot_mode":"uefi-preferred","creation_date":"2026-03-03T18:01:50.000Z","deprecation_time":"2026-06-01T23:47:00.000Z","description":"Amazon Linux 2023 AMI 2023.10.20260302.1 x86_64 HVM kernel-6.12","ena_support":true,"executable_users":null,"filter":[{"name":"name","values":["al2023-ami-2023.*-x86_64"]}],"hypervisor":"xen","id":"ami-0e267a9919cdf778f","image_id":"ami-0e267a9919cdf778f","image_location":"amazon/al2023-ami-2023.10.20260302.1-kernel-6.12-x86_64","image_owner_alias":"amazon","image_type":"machine","imds_support":"v2.0","include_deprecated":false,"kernel_id":"","last_launched_time":"","most_recent":true,"name":"al2023-ami-2023.10.20260302.1-kernel-6.12-x86_64","name_regex":null,"owner_id":"137112412989","owners":["amazon"],"platform":"","platform_details":"Linux/UNIX","product_codes":[],"public":true,"ramdisk_id":"","region":"ap-south-1","root_device_name":"/dev/xvda","root_device_type":"ebs","root_snapshot_id":"snap-0d2daef0cee125983","sriov_net_support":"simple","state":"available","state_reason":{"code":"UNSET","message":"UNSET"},"tags":{},"timeouts":null,"tpm_support":"","uefi_data":null,"usage_operation":"RunInstances","virtualization_type":"hvm"},"sensitive_attributes":[]}]},{"mode":"managed","type":"aws_db_instance","name":"postgres","provider":"provider[\"registry.opentofu.org/hashicorp/aws\"]","instances":[{"schema_version":2,"attributes":{"address":"market-data-db.ch8ck20w8dub.ap-south-1.rds.amazonaws.com","allocated_storage":20,"allow_major_version_upgrade":null,"apply_immediately":false,"arn":"arn:aws:rds:ap-south-1:502606724111:db:market-data-db","auto_minor_version_upgrade":true,"availability_zone":"ap-south-1b","backup_retention_period":0,"backup_target":"region","backup_window":"21:26-21:56","blue_green_update":[],"ca_cert_identifier":"rds-ca-rsa2048-g1","character_set_name":"","copy_tags_to_snapshot":false,"custom_iam_instance_profile":"","customer_owned_ip_enabled":false,"database_insights_mode":"standard","db_name":"market_data","db_subnet_group_name":"main-db-subnet-group","dedicated_log_volume":false,"delete_automated_backups":true,"deletion_protection":false,"domain":"","domain_auth_secret_arn":"","domain_dns_ips":[],"domain_fqdn":"","domain_iam_role_name":"","domain_ou":"","enabled_cloudwatch_logs_exports":[],"endpoint":"market-data-db.ch8ck20w8dub.ap-south-1.rds.amazonaws.com:5432","engine":"postgres","engine_lifecycle_support":"open-source-rds-extended-support","engine_version":"17.9","engine_version_actual":"17.9","final_snapshot_identifier":null,"hosted_zone_id":"Z2VFMSZA74J7XZ","iam_database_authentication_enabled":false,"id":"db-O4H5LEHJXDPJUG4SJ4AR6WFGEU","identifier":"market-data-db","identifier_prefix":"","instance_class":"db.t3.micro","iops":0,"kms_key_id":"","latest_restorable_time":"","license_model":"postgresql-license","listener_endpoint":[],"maintenance_window":"sun:07:16-sun:07:46","manage_master_user_password":null,"master_user_secret":[],"master_user_secret_kms_key_id":null,"max_allocated_storage":0,"monitoring_interval":0,"monitoring_role_arn":"","multi_az":false,"nchar_character_set_name":"","network_type":"IPV4","option_group_name":"default:postgres-17","parameter_group_name":"default.postgres17","password":"SuperSecret123!","password_wo":null,"password_wo_version":null,"performance_insights_enabled":false,"performance_insights_kms_key_id":"","performance_insights_retention_period":0,"port":5432,"publicly_accessible":false,"region":"ap-south-1","replica_mode":"","replicas":[],"replicate_source_db":"","resource_id":"db-O4H5LEHJXDPJUG4SJ4AR6WFGEU","restore_to_point_in_time":[],"s3_import":[],"skip_final_snapshot":true,"snapshot_identifier":null,"status":"available","storage_encrypted":false,"storage_throughput":0,"storage_type":"gp2","tags":{},"tags_all":{"Environment":"Production","Project":"MarketAggregator"},"timeouts":null,"timezone":"","upgrade_rollout_order":"second","upgrade_storage_config":null,"username":"trader","vpc_security_group_ids":["sg-0ff33baac645e3ceb"]},"sensitive_attributes":[[{"type":"get_attr","value":"password"}],[{"type":"get_attr","value":"password_wo"}]],"private":"eyJlMmJmYjczMC1lY2FhLTExZTYtOGY4OC0zNDM2M2JjN2M0YzAiOnsiY3JlYXRlIjozMDAwMDAwMDAwMDAwLCJkZWxldGUiOjM2MDAwMDAwMDAwMDAsInVwZGF0ZSI6NDgwMDAwMDAwMDAwMH0sInNjaGVtYV92ZXJzaW9uIjoiMiJ9","dependencies":["aws_db_subnet_group.db_subnets","aws_security_group.db_sg","aws_security_group.engine_sg","aws_subnet.private_1a","aws_subnet.private_1b","aws_vpc.main"]}]},{"mode":"managed","type":"aws_db_subnet_group","name":"db_subnets","provider":"provider[\"registry.opentofu.org/hashicorp/aws\"]","instances":[{"schema_version":0,"attributes":{"arn":"arn:aws:rds:ap-south-1:502606724111:subgrp:main-db-subnet-group","description":"Managed by Terraform","id":"main-db-subnet-group","name":"main-db-subnet-group","name_prefix":"","region":"ap-south-1","subnet_ids":["subnet-00a1fa903fcd8c8e7","subnet-0a6c46bf7c2238dad"],"supported_network_types":["IPV4"],"tags":{},"tags_all":{"Environment":"Production","Project":"MarketAggregator"},"vpc_id":"vpc-07b60e20a22c22aee"},"sensitive_attributes":[],"private":"bnVsbA==","dependencies":["aws_subnet.private_1a","aws_subnet.private_1b","aws_vpc.main"]}]},{"mode":"managed","type":"aws_instance","name":"aggregator_engine","provider":"provider[\"registry.opentofu.org/hashicorp/aws\"]","instances":[{"schema_version":2,"attributes":{"ami":"ami-0e267a9919cdf778f","arn":"arn:aws:ec2:ap-south-1:502606724111:instance/i-007cc7e40f6b1c8c3","associate_public_ip_address":true,"availability_zone":"ap-south-1a","capacity_reservation_specification":[{"capacity_reservation_preference":"open","capacity_reservation_target":[]}],"cpu_options":[{"amd_sev_snp":"","core_count":1,"nested_virtualization":"","threads_per_core":1}],"credit_specification":[{"cpu_credits":"standard"}],"disable_api_stop":false,"disable_api_termination":false,"ebs_block_device":[],"ebs_optimized":false,"enable_primary_ipv6":null,"enclave_options":[{"enabled":false}],"ephemeral_block_device":[],"force_destroy":false,"get_password_data":false,"hibernation":false,"host_id":"","host_resource_group_arn":null,"iam_instance_profile":"","id":"i-007cc7e40f6b1c8c3","instance_initiated_shutdown_behavior":"stop","instance_lifecycle":"","instance_market_options":[],"instance_state":"running","instance_type":"t2.micro","ipv6_address_count":0,"ipv6_addresses":[],"key_name":"","launch_template":[],"maintenance_options":[{"auto_recovery":"default"}],"metadata_options":[{"http_endpoint":"enabled","http_protocol_ipv6":"disabled","http_put_response_hop_limit":2,"http_tokens":"required","instance_metadata_tags":"disabled"}],"monitoring":false,"network_interface":[],"outpost_arn":"","password_data":"","placement_group":"","placement_group_id":"","placement_partition_number":0,"primary_network_interface":[{"delete_on_termination":true,"network_interface_id":"eni-0a0abef0575985516"}],"primary_network_interface_id":"eni-0a0abef0575985516","private_dns":"ip-10-0-1-196.ap-south-1.compute.internal","private_dns_name_options":[{"enable_resource_name_dns_a_record":false,"enable_resource_name_dns_aaaa_record":false,"hostname_type":"ip-name"}],"private_ip":"10.0.1.196","public_dns":"ec2-13-232-141-17.ap-south-1.compute.amazonaws.com","public_ip":"13.232.141.17","region":"ap-south-1","root_block_device":[{"delete_on_termination":true,"device_name":"/dev/xvda","encrypted":false,"iops":3000,"kms_key_id":"","tags":{"Environment":"Production","Project":"MarketAggregator"},"tags_all":{"Environment":"Production","Project":"MarketAggregator"},"throughput":125,"volume_id":"vol-07af73f0e39261628","volume_size":8,"volume_type":"gp3"}],"secondary_network_interface":[],"secondary_private_ips":[],"security_groups":[],"source_dest_check":true,"spot_instance_request_id":"","subnet_id":"subnet-03545d9d14a478761","tags":{"Name":"Go-Market-Engine"},"tags_all":{"Environment":"Production","Name":"Go-Market-Engine","Project":"MarketAggregator"},"tenancy":"default","timeouts":null,"user_data":"#!/bin/bash\nyum update -y\nyum install -y docker git\nsystemctl start docker\nsystemctl enable docker\nusermod -aG docker ec2-user\ndocker run -d -p 8080:80 nginxdemos/hello\n","user_data_base64":null,"user_data_replace_on_change":true,"volume_tags":null,"vpc_security_group_ids":["sg-0394aa844c08fd092"]},"sensitive_attributes":[],"private":"eyJlMmJmYjczMC1lY2FhLTExZTYtOGY4OC0zNDM2M2JjN2M0YzAiOnsiY3JlYXRlIjo2MDAwMDAwMDAwMDAsImRlbGV0ZSI6MTIwMDAwMDAwMDAwMCwicmVhZCI6OTAwMDAwMDAwMDAwLCJ1cGRhdGUiOjYwMDAwMDAwMDAwMH0sInNjaGVtYV92ZXJzaW9uIjoiMiJ9","dependencies":["aws_security_group.engine_sg","aws_subnet.public_1a","aws_vpc.main","data.aws_ami.amazon_linux"]}]},{"mode":"managed","type":"aws_internet_gateway","name":"igw","provider":"provider[\"registry.opentofu.org/hashicorp/aws\"]","instances":[{"schema_version":0,"attributes":{"arn":"arn:aws:ec2:ap-south-1:502606724111:internet-gateway/igw-0463651641ff222ba","id":"igw-0463651641ff222ba","owner_id":"502606724111","region":"ap-south-1","tags":{"Name":"aggregator-igw"},"tags_all":{"Environment":"Production","Name":"aggregator-igw","Project":"MarketAggregator"},"timeouts":null,"vpc_id":"vpc-07b60e20a22c22aee"},"sensitive_attributes":[],"private":"eyJlMmJmYjczMC1lY2FhLTExZTYtOGY4OC0zNDM2M2JjN2M0YzAiOnsiY3JlYXRlIjoxMjAwMDAwMDAwMDAwLCJkZWxldGUiOjEyMDAwMDAwMDAwMDAsInVwZGF0ZSI6MTIwMDAwMDAwMDAwMH19","dependencies":["aws_vpc.main"]}]},{"mode":"managed","type":"aws_route_table","name":"public_rt","provider":"provider[\"registry.opentofu.org/hashicorp/aws\"]","instances":[{"schema_version":0,"attributes":{"arn":"arn:aws:ec2:ap-south-1:502606724111:route-table/rtb-0ac464a2cd8021732","id":"rtb-0ac464a2cd8021732","owner_id":"502606724111","propagating_vgws":[],"region":"ap-south-1","route":[{"carrier_gateway_id":"","cidr_block":"0.0.0.0/0","core_network_arn":"","destination_prefix_list_id":"","egress_only_gateway_id":"","gateway_id":"igw-0463651641ff222ba","ipv6_cidr_block":"","local_gateway_id":"","nat_gateway_id":"","network_interface_id":"","transit_gateway_id":"","vpc_endpoint_id":"","vpc_peering_connection_id":""}],"tags":{},"tags_all":{"Environment":"Production","Project":"MarketAggregator"},"timeouts":null,"vpc_id":"vpc-07b60e20a22c22aee"},"sensitive_attributes":[],"private":"eyJlMmJmYjczMC1lY2FhLTExZTYtOGY4OC0zNDM2M2JjN2M0YzAiOnsiY3JlYXRlIjozMDAwMDAwMDAwMDAsImRlbGV0ZSI6MzAwMDAwMDAwMDAwLCJ1cGRhdGUiOjEyMDAwMDAwMDAwMH19","dependencies":["aws_internet_gateway.igw","aws_vpc.main"]}]},{"mode":"managed","type":"aws_route_table_association","name":"public_assoc","provider":"provider[\"registry.opentofu.org/hashicorp/aws\"]","instances":[{"schema_version":0,"attributes":{"gateway_id":"","id":"rtbassoc-064a78fc133c9f943","region":"ap-south-1","route_table_id":"rtb-0ac464a2cd8021732","subnet_id":"subnet-03545d9d14a478761","timeouts":null},"sensitive_attributes":[],"private":"eyJlMmJmYjczMC1lY2FhLTExZTYtOGY4OC0zNDM2M2JjN2M0YzAiOnsiY3JlYXRlIjozMDAwMDAwMDAwMDAsImRlbGV0ZSI6MzAwMDAwMDAwMDAwLCJ1cGRhdGUiOjEyMDAwMDAwMDAwMH19","dependencies":["aws_internet_gateway.igw","aws_route_table.public_rt","aws_subnet.public_1a","aws_vpc.main"]}]},{"mode":"managed","type":"aws_security_group","name":"db_sg","provider":"provider[\"registry.opentofu.org/hashicorp/aws\"]","instances":[{"schema_version":1,"attributes":{"arn":"arn:aws:ec2:ap-south-1:502606724111:security-group/sg-0ff33baac645e3ceb","description":"Allow Postgres access ONLY from the Engine","egress":[{"cidr_blocks":["0.0.0.0/0"],"description":"","from_port":0,"ipv6_cidr_blocks":[],"prefix_list_ids":[],"protocol":"-1","security_groups":[],"self":false,"to_port":0}],"id":"sg-0ff33baac645e3ceb","ingress":[{"cidr_blocks":[],"description":"Allow traffic from the engine SG","from_port":5432,"ipv6_cidr_blocks":[],"prefix_list_ids":[],"protocol":"tcp","security_groups":["sg-0394aa844c08fd092"],"self":false,"to_port":5432}],"name":"database-sg","name_prefix":"","owner_id":"502606724111","region":"ap-south-1","revoke_rules_on_delete":false,"tags":{},"tags_all":{"Environment":"Production","Project":"MarketAggregator"},"timeouts":null,"vpc_id":"vpc-07b60e20a22c22aee"},"sensitive_attributes":[],"private":"eyJlMmJmYjczMC1lY2FhLTExZTYtOGY4OC0zNDM2M2JjN2M0YzAiOnsiY3JlYXRlIjo2MDAwMDAwMDAwMDAsImRlbGV0ZSI6OTAwMDAwMDAwMDAwfSwic2NoZW1hX3ZlcnNpb24iOiIxIn0=","dependencies":["aws_security_group.engine_sg","aws_vpc.main"]}]},{"mode":"managed","type":"aws_security_group","name":"engine_sg","provider":"provider[\"registry.opentofu.org/hashicorp/aws\"]","instances":[{"schema_version":1,"attributes":{"arn":"arn:aws:ec2:ap-south-1:502606724111:security-group/sg-0394aa844c08fd092","description":"Allow SSH and API access","egress":[{"cidr_blocks":["0.0.0.0/0"],"description":"Allow the engine to talk to the internet (Binance, Docker Hub)","from_port":0,"ipv6_cidr_blocks":[],"prefix_list_ids":[],"protocol":"-1","security_groups":[],"self":false,"to_port":0}],"id":"sg-0394aa844c08fd092","ingress":[{"cidr_blocks":["0.0.0.0/0"],"description":"Allow SSH from anywhere (For you to log in)","from_port":22,"ipv6_cidr_blocks":[],"prefix_list_ids":[],"protocol":"tcp","security_groups":[],"self":false,"to_port":22},{"cidr_blocks":["0.0.0.0/0"],"description":"Allow WebSocket/API traffic","from_port":8080,"ipv6_cidr_blocks":[],"prefix_list_ids":[],"protocol":"tcp","security_groups":[],"self":false,"to_port":8080}],"name":"engine-sg","name_prefix":"","owner_id":"502606724111","region":"ap-south-1","revoke_rules_on_delete":false,"tags":{},"tags_all":{"Environment":"Production","Project":"MarketAggregator"},"timeouts":null,"vpc_id":"vpc-07b60e20a22c22aee"},"sensitive_attributes":[],"private":"eyJlMmJmYjczMC1lY2FhLTExZTYtOGY4OC0zNDM2M2JjN2M0YzAiOnsiY3JlYXRlIjo2MDAwMDAwMDAwMDAsImRlbGV0ZSI6OTAwMDAwMDAwMDAwfSwic2NoZW1hX3ZlcnNpb24iOiIxIn0=","dependencies":["aws_vpc.main"]}]},{"mode":"managed","type":"aws_subnet","name":"private_1a","provider":"provider[\"registry.opentofu.org/hashicorp/aws\"]","instances":[{"schema_version":1,"attributes":{"arn":"arn:aws:ec2:ap-south-1:502606724111:subnet/subnet-0a6c46bf7c2238dad","assign_ipv6_address_on_creation":false,"availability_zone":"ap-south-1a","availability_zone_id":"aps1-az1","cidr_block":"10.0.2.0/24","customer_owned_ipv4_pool":"","enable_dns64":false,"enable_lni_at_device_index":0,"enable_resource_name_dns_a_record_on_launch":false,"enable_resource_name_dns_aaaa_record_on_launch":false,"id":"subnet-0a6c46bf7c2238dad","ipv4_ipam_pool_id":null,"ipv4_netmask_length":null,"ipv6_cidr_block":"","ipv6_cidr_block_association_id":"","ipv6_ipam_pool_id":null,"ipv6_native":false,"ipv6_netmask_length":null,"map_customer_owned_ip_on_launch":false,"map_public_ip_on_launch":false,"outpost_arn":"","owner_id":"502606724111","private_dns_hostname_type_on_launch":"ip-name","region":"ap-south-1","tags":{"Name":"private-subnet-1a"},"tags_all":{"Environment":"Production","Name":"private-subnet-1a","Project":"MarketAggregator"},"timeouts":null,"vpc_id":"vpc-07b60e20a22c22aee"},"sensitive_attributes":[],"private":"eyJlMmJmYjczMC1lY2FhLTExZTYtOGY4OC0zNDM2M2JjN2M0YzAiOnsiY3JlYXRlIjo2MDAwMDAwMDAwMDAsImRlbGV0ZSI6MTIwMDAwMDAwMDAwMH0sInNjaGVtYV92ZXJzaW9uIjoiMSJ9","dependencies":["aws_vpc.main"]}]},{"mode":"managed","type":"aws_subnet","name":"private_1b","provider":"provider[\"registry.opentofu.org/hashicorp/aws\"]","instances":[{"schema_version":1,"attributes":{"arn":"arn:aws:ec2:ap-south-1:502606724111:subnet/subnet-00a1fa903fcd8c8e7","assign_ipv6_address_on_creation":false,"availability_zone":"ap-south-1b","availability_zone_id":"aps1-az3","cidr_block":"10.0.3.0/24","customer_owned_ipv4_pool":"","enable_dns64":false,"enable_lni_at_device_index":0,"enable_resource_name_dns_a_record_on_launch":false,"enable_resource_name_dns_aaaa_record_on_launch":false,"id":"subnet-00a1fa903fcd8c8e7","ipv4_ipam_pool_id":null,"ipv4_netmask_length":null,"ipv6_cidr_block":"","ipv6_cidr_block_association_id":"","ipv6_ipam_pool_id":null,"ipv6_native":false,"ipv6_netmask_length":null,"map_customer_owned_ip_on_launch":false,"map_public_ip_on_launch":false,"outpost_arn":"","owner_id":"502606724111","private_dns_hostname_type_on_launch":"ip-name","region":"ap-south-1","tags":{"Name":"private-subnet-1b"},"tags_all":{"Environment":"Production","Name":"private-subnet-1b","Project":"MarketAggregator"},"timeouts":null,"vpc_id":"vpc-07b60e20a22c22aee"},"sensitive_attributes":[],"private":"eyJlMmJmYjczMC1lY2FhLTExZTYtOGY4OC0zNDM2M2JjN2M0YzAiOnsiY3JlYXRlIjo2MDAwMDAwMDAwMDAsImRlbGV0ZSI6MTIwMDAwMDAwMDAwMH0sInNjaGVtYV92ZXJzaW9uIjoiMSJ9","dependencies":["aws_vpc.main"]}]},{"mode":"managed","type":"aws_subnet","name":"public_1a","provider":"provider[\"registry.opentofu.org/hashicorp/aws\"]","instances":[{"schema_version":1,"attributes":{"arn":"arn:aws:ec2:ap-south-1:502606724111:subnet/subnet-03545d9d14a478761","assign_ipv6_address_on_creation":false,"availability_zone":"ap-south-1a","availability_zone_id":"aps1-az1","cidr_block":"10.0.1.0/24","customer_owned_ipv4_pool":"","enable_dns64":false,"enable_lni_at_device_index":0,"enable_resource_name_dns_a_record_on_launch":false,"enable_resource_name_dns_aaaa_record_on_launch":false,"id":"subnet-03545d9d14a478761","ipv4_ipam_pool_id":null,"ipv4_netmask_length":null,"ipv6_cidr_block":"","ipv6_cidr_block_association_id":"","ipv6_ipam_pool_id":null,"ipv6_native":false,"ipv6_netmask_length":null,"map_customer_owned_ip_on_launch":false,"map_public_ip_on_launch":true,"outpost_arn":"","owner_id":"502606724111","private_dns_hostname_type_on_launch":"ip-name","region":"ap-south-1","tags":{"Name":"public-subnet-1a"},"tags_all":{"Environment":"Production","Name":"public-subnet-1a","Project":"MarketAggregator"},"timeouts":null,"vpc_id":"vpc-07b60e20a22c22aee"},"sensitive_attributes":[],"private":"eyJlMmJmYjczMC1lY2FhLTExZTYtOGY4OC0zNDM2M2JjN2M0YzAiOnsiY3JlYXRlIjo2MDAwMDAwMDAwMDAsImRlbGV0ZSI6MTIwMDAwMDAwMDAwMH0sInNjaGVtYV92ZXJzaW9uIjoiMSJ9","dependencies":["aws_vpc.main"]}]},{"mode":"managed","type":"aws_vpc","name":"main","provider":"provider[\"registry.opentofu.org/hashicorp/aws\"]","instances":[{"schema_version":1,"attributes":{"arn":"arn:aws:ec2:ap-south-1:502606724111:vpc/vpc-07b60e20a22c22aee","assign_generated_ipv6_cidr_block":false,"cidr_block":"10.0.0.0/16","default_network_acl_id":"acl-0a581913c8c1cf8b4","default_route_table_id":"rtb-0fa0a4b0f3994208b","default_security_group_id":"sg-069b633716ad0d679","dhcp_options_id":"dopt-0343193a730d0068a","enable_dns_hostnames":true,"enable_dns_support":true,"enable_network_address_usage_metrics":false,"id":"vpc-07b60e20a22c22aee","instance_tenancy":"default","ipv4_ipam_pool_id":null,"ipv4_netmask_length":null,"ipv6_association_id":"","ipv6_cidr_block":"","ipv6_cidr_block_network_border_group":"","ipv6_ipam_pool_id":"","ipv6_netmask_length":0,"main_route_table_id":"rtb-0fa0a4b0f3994208b","owner_id":"502606724111","region":"ap-south-1","tags":{"Name":"aggregator-vpc"},"tags_all":{"Environment":"Production","Name":"aggregator-vpc","Project":"MarketAggregator"}},"sensitive_attributes":[],"private":"eyJzY2hlbWFfdmVyc2lvbiI6IjEifQ=="}]}],"check_results":null}
